
Microsoft Visual Studio Solution File, Format Version 12.00
# Visual Studio 14
VisualStudioVersion = 14.0.25123.0
MinimumVisualStudioVersion = 10.0.40219.1
Project("{2150E333-8FDC-42A3-9474-1A3956D46DE8}") = "src", "src", "{59BFC663-DD12-4D60-A41D-693EAEAA455A}"
EndProject
Project("{2150E333-8FDC-42A3-9474-1A3956D46DE8}") = "Solution Items", "Solution Items", "{8F83392C-06DA-4097-905F-A9B8BEA665D8}"
	ProjectSection(SolutionItems) = preProject
		global.json = global.json
	EndProjectSection
EndProject
Project("{8BB2217D-0F2D-49D1-97BC-3654ED321F3B}") = "TeamOnLabs.Timeline.UI", "src\TeamOnLabs.Timeline.UI\TeamOnLabs.Timeline.UI.xproj", "{02758506-2A1D-404B-847B-3AF39D010EA7}"
EndProject
Global
	GlobalSection(SolutionConfigurationPlatforms) = preSolution
		Debug|Any CPU = Debug|Any CPU
		Release|Any CPU = Release|Any CPU
	EndGlobalSection
	GlobalSection(ProjectConfigurationPlatforms) = postSolution
		{02758506-2A1D-404B-847B-3AF39D010EA7}.Debug|Any CPU.ActiveCfg = Debug|Any CPU
		{02758506-2A1D-404B-847B-3AF39D010EA7}.Debug|Any CPU.Build.0 = Debug|Any CPU
		{02758506-2A1D-404B-847B-3AF39D010EA7}.Release|Any CPU.ActiveCfg = Release|Any CPU
		{02758506-2A1D-404B-847B-3AF39D010EA7}.Release|Any CPU.Build.0 = Release|Any CPU
	EndGlobalSection
	GlobalSection(SolutionProperties) = preSolution
		HideSolutionNode = FALSE
	EndGlobalSection
	GlobalSection(NestedProjects) = preSolution
		{02758506-2A1D-404B-847B-3AF39D010EA7} = {59BFC663-DD12-4D60-A41D-693EAEAA455A}
	EndGlobalSection
EndGlobal
